// !$*UTF8*$!
{
	archiveVersion = 1;
	classes = {
	};
	objectVersion = 46;
	objects = {

/* Begin PBXBuildFile section */
		521DF424175BF577003310D2 /* GMAlgorithmSolver.m in Sources */ = {isa = PBXBuildFile; fileRef = 521DF423175BF577003310D2 /* GMAlgorithmSolver.m */; };
		521DF425175BF577003310D2 /* GMAlgorithmSolver.m in Sources */ = {isa = PBXBuildFile; fileRef = 521DF423175BF577003310D2 /* GMAlgorithmSolver.m */; };
		522058121724C262004EE526 /* GMEdgeOptionsViewController.m in Sources */ = {isa = PBXBuildFile; fileRef = 522058111724C262004EE526 /* GMEdgeOptionsViewController.m */; };
		522058131724C262004EE526 /* GMEdgeOptionsViewController.m in Sources */ = {isa = PBXBuildFile; fileRef = 522058111724C262004EE526 /* GMEdgeOptionsViewController.m */; };
		522058161724C4C1004EE526 /* GMNodeOptionsViewController.m in Sources */ = {isa = PBXBuildFile; fileRef = 522058151724C4C1004EE526 /* GMNodeOptionsViewController.m */; };
		522058171724C4C1004EE526 /* GMNodeOptionsViewController.m in Sources */ = {isa = PBXBuildFile; fileRef = 522058151724C4C1004EE526 /* GMNodeOptionsViewController.m */; };
		524464BC17308A3600E0E5FF /* CGPointAdditions.c in Sources */ = {isa = PBXBuildFile; fileRef = 524464A417308A3600E0E5FF /* CGPointAdditions.c */; };
		524464BD17308A3600E0E5FF /* CGPointAdditions.c in Sources */ = {isa = PBXBuildFile; fileRef = 524464A417308A3600E0E5FF /* CGPointAdditions.c */; };
		524464BE17308A3600E0E5FF /* BackFragmentShader.glsl in Resources */ = {isa = PBXBuildFile; fileRef = 524464A717308A3600E0E5FF /* BackFragmentShader.glsl */; };
		524464BF17308A3600E0E5FF /* BackFragmentShader.glsl in Resources */ = {isa = PBXBuildFile; fileRef = 524464A717308A3600E0E5FF /* BackFragmentShader.glsl */; };
		524464C017308A3600E0E5FF /* BackPageGradient.png in Resources */ = {isa = PBXBuildFile; fileRef = 524464A817308A3600E0E5FF /* BackPageGradient.png */; };
		524464C117308A3600E0E5FF /* BackPageGradient.png in Resources */ = {isa = PBXBuildFile; fileRef = 524464A817308A3600E0E5FF /* BackPageGradient.png */; };
		524464C217308A3600E0E5FF /* BackVertexShader.glsl in Resources */ = {isa = PBXBuildFile; fileRef = 524464A917308A3600E0E5FF /* BackVertexShader.glsl */; };
		524464C317308A3600E0E5FF /* BackVertexShader.glsl in Resources */ = {isa = PBXBuildFile; fileRef = 524464A917308A3600E0E5FF /* BackVertexShader.glsl */; };
		524464C417308A3600E0E5FF /* FrontFragmentShader.glsl in Resources */ = {isa = PBXBuildFile; fileRef = 524464AA17308A3600E0E5FF /* FrontFragmentShader.glsl */; };
		524464C517308A3600E0E5FF /* FrontFragmentShader.glsl in Resources */ = {isa = PBXBuildFile; fileRef = 524464AA17308A3600E0E5FF /* FrontFragmentShader.glsl */; };
		524464C617308A3600E0E5FF /* FrontVertexShader.glsl in Resources */ = {isa = PBXBuildFile; fileRef = 524464AB17308A3600E0E5FF /* FrontVertexShader.glsl */; };
		524464C717308A3600E0E5FF /* FrontVertexShader.glsl in Resources */ = {isa = PBXBuildFile; fileRef = 524464AB17308A3600E0E5FF /* FrontVertexShader.glsl */; };
		524464C817308A3600E0E5FF /* NextPageFragmentShader.glsl in Resources */ = {isa = PBXBuildFile; fileRef = 524464AC17308A3600E0E5FF /* NextPageFragmentShader.glsl */; };
		524464C917308A3600E0E5FF /* NextPageFragmentShader.glsl in Resources */ = {isa = PBXBuildFile; fileRef = 524464AC17308A3600E0E5FF /* NextPageFragmentShader.glsl */; };
		524464CA17308A3600E0E5FF /* NextPageNoTextureFragmentShader.glsl in Resources */ = {isa = PBXBuildFile; fileRef = 524464AD17308A3600E0E5FF /* NextPageNoTextureFragmentShader.glsl */; };
		524464CB17308A3600E0E5FF /* NextPageNoTextureFragmentShader.glsl in Resources */ = {isa = PBXBuildFile; fileRef = 524464AD17308A3600E0E5FF /* NextPageNoTextureFragmentShader.glsl */; };
		524464CC17308A3600E0E5FF /* NextPageNoTextureVertexShader.glsl in Resources */ = {isa = PBXBuildFile; fileRef = 524464AE17308A3600E0E5FF /* NextPageNoTextureVertexShader.glsl */; };
		524464CD17308A3600E0E5FF /* NextPageNoTextureVertexShader.glsl in Resources */ = {isa = PBXBuildFile; fileRef = 524464AE17308A3600E0E5FF /* NextPageNoTextureVertexShader.glsl */; };
		524464CE17308A3600E0E5FF /* NextPageVertexShader.glsl in Resources */ = {isa = PBXBuildFile; fileRef = 524464AF17308A3600E0E5FF /* NextPageVertexShader.glsl */; };
		524464CF17308A3600E0E5FF /* NextPageVertexShader.glsl in Resources */ = {isa = PBXBuildFile; fileRef = 524464AF17308A3600E0E5FF /* NextPageVertexShader.glsl */; };
		524464D017308A3600E0E5FF /* XBAnimation.m in Sources */ = {isa = PBXBuildFile; fileRef = 524464B117308A3600E0E5FF /* XBAnimation.m */; };
		524464D117308A3600E0E5FF /* XBAnimation.m in Sources */ = {isa = PBXBuildFile; fileRef = 524464B117308A3600E0E5FF /* XBAnimation.m */; };
		524464D217308A3600E0E5FF /* XBAnimationManager.m in Sources */ = {isa = PBXBuildFile; fileRef = 524464B317308A3600E0E5FF /* XBAnimationManager.m */; };
		524464D317308A3600E0E5FF /* XBAnimationManager.m in Sources */ = {isa = PBXBuildFile; fileRef = 524464B317308A3600E0E5FF /* XBAnimationManager.m */; };
		524464D417308A3600E0E5FF /* XBCurlView.m in Sources */ = {isa = PBXBuildFile; fileRef = 524464B517308A3600E0E5FF /* XBCurlView.m */; };
		524464D517308A3600E0E5FF /* XBCurlView.m in Sources */ = {isa = PBXBuildFile; fileRef = 524464B517308A3600E0E5FF /* XBCurlView.m */; };
		524464D617308A3600E0E5FF /* XBPageCurlView.m in Sources */ = {isa = PBXBuildFile; fileRef = 524464B717308A3600E0E5FF /* XBPageCurlView.m */; };
		524464D717308A3600E0E5FF /* XBPageCurlView.m in Sources */ = {isa = PBXBuildFile; fileRef = 524464B717308A3600E0E5FF /* XBPageCurlView.m */; };
		524464D817308A3600E0E5FF /* XBPageDragView.m in Sources */ = {isa = PBXBuildFile; fileRef = 524464B917308A3600E0E5FF /* XBPageDragView.m */; };
		524464D917308A3600E0E5FF /* XBPageDragView.m in Sources */ = {isa = PBXBuildFile; fileRef = 524464B917308A3600E0E5FF /* XBPageDragView.m */; };
		524464DA17308A3600E0E5FF /* XBSnappingPoint.m in Sources */ = {isa = PBXBuildFile; fileRef = 524464BB17308A3600E0E5FF /* XBSnappingPoint.m */; };
		524464DB17308A3600E0E5FF /* XBSnappingPoint.m in Sources */ = {isa = PBXBuildFile; fileRef = 524464BB17308A3600E0E5FF /* XBSnappingPoint.m */; };
		524464DD17308C6500E0E5FF /* OpenGLES.framework in Frameworks */ = {isa = PBXBuildFile; fileRef = 524464DC17308C6500E0E5FF /* OpenGLES.framework */; };
		524464DF1730925300E0E5FF /* page_curl.png in Resources */ = {isa = PBXBuildFile; fileRef = 524464DE1730925300E0E5FF /* page_curl.png */; };
		524464E01730925300E0E5FF /* page_curl.png in Resources */ = {isa = PBXBuildFile; fileRef = 524464DE1730925300E0E5FF /* page_curl.png */; };
		52973DE117309B9F00B5A51D /* GMGraphOptionsView.m in Sources */ = {isa = PBXBuildFile; fileRef = 52973DE017309B9F00B5A51D /* GMGraphOptionsView.m */; };
		52973DE217309B9F00B5A51D /* GMGraphOptionsView.m in Sources */ = {isa = PBXBuildFile; fileRef = 52973DE017309B9F00B5A51D /* GMGraphOptionsView.m */; };
		52B3B8F3171F78A200B09420 /* UIBarButtonItem+WEPopover.m in Sources */ = {isa = PBXBuildFile; fileRef = 52B3B8EB171F78A200B09420 /* UIBarButtonItem+WEPopover.m */; settings = {COMPILER_FLAGS = "-fno-objc-arc"; }; };
		52B3B8F4171F78A200B09420 /* UIBarButtonItem+WEPopover.m in Sources */ = {isa = PBXBuildFile; fileRef = 52B3B8EB171F78A200B09420 /* UIBarButtonItem+WEPopover.m */; settings = {COMPILER_FLAGS = "-fno-objc-arc"; }; };
		52B3B8F5171F78A200B09420 /* WEPopoverContainerView.m in Sources */ = {isa = PBXBuildFile; fileRef = 52B3B8ED171F78A200B09420 /* WEPopoverContainerView.m */; settings = {COMPILER_FLAGS = "-fno-objc-arc"; }; };
		52B3B8F6171F78A200B09420 /* WEPopoverContainerView.m in Sources */ = {isa = PBXBuildFile; fileRef = 52B3B8ED171F78A200B09420 /* WEPopoverContainerView.m */; settings = {COMPILER_FLAGS = "-fno-objc-arc"; }; };
		52B3B8F7171F78A200B09420 /* WEPopoverController.m in Sources */ = {isa = PBXBuildFile; fileRef = 52B3B8EF171F78A200B09420 /* WEPopoverController.m */; settings = {COMPILER_FLAGS = "-fno-objc-arc"; }; };
		52B3B8F8171F78A200B09420 /* WEPopoverController.m in Sources */ = {isa = PBXBuildFile; fileRef = 52B3B8EF171F78A200B09420 /* WEPopoverController.m */; settings = {COMPILER_FLAGS = "-fno-objc-arc"; }; };
		52B3B8F9171F78A200B09420 /* WETouchableView.m in Sources */ = {isa = PBXBuildFile; fileRef = 52B3B8F2171F78A200B09420 /* WETouchableView.m */; settings = {COMPILER_FLAGS = "-fno-objc-arc"; }; };
		52B3B8FA171F78A200B09420 /* WETouchableView.m in Sources */ = {isa = PBXBuildFile; fileRef = 52B3B8F2171F78A200B09420 /* WETouchableView.m */; settings = {COMPILER_FLAGS = "-fno-objc-arc"; }; };
		52B3B90C171F78D800B09420 /* popoverArrowDown.png in Resources */ = {isa = PBXBuildFile; fileRef = 52B3B8FD171F78D800B09420 /* popoverArrowDown.png */; };
		52B3B90D171F78D800B09420 /* popoverArrowDown.png in Resources */ = {isa = PBXBuildFile; fileRef = 52B3B8FD171F78D800B09420 /* popoverArrowDown.png */; };
		52B3B90E171F78D800B09420 /* popoverArrowDown@2x.png in Resources */ = {isa = PBXBuildFile; fileRef = 52B3B8FE171F78D800B09420 /* popoverArrowDown@2x.png */; };
		52B3B90F171F78D800B09420 /* popoverArrowDown@2x.png in Resources */ = {isa = PBXBuildFile; fileRef = 52B3B8FE171F78D800B09420 /* popoverArrowDown@2x.png */; };
		52B3B910171F78D800B09420 /* popoverArrowDownSimple.png in Resources */ = {isa = PBXBuildFile; fileRef = 52B3B8FF171F78D800B09420 /* popoverArrowDownSimple.png */; };
		52B3B911171F78D800B09420 /* popoverArrowDownSimple.png in Resources */ = {isa = PBXBuildFile; fileRef = 52B3B8FF171F78D800B09420 /* popoverArrowDownSimple.png */; };
		52B3B912171F78D800B09420 /* popoverArrowLeft.png in Resources */ = {isa = PBXBuildFile; fileRef = 52B3B900171F78D800B09420 /* popoverArrowLeft.png */; };
		52B3B913171F78D800B09420 /* popoverArrowLeft.png in Resources */ = {isa = PBXBuildFile; fileRef = 52B3B900171F78D800B09420 /* popoverArrowLeft.png */; };
		52B3B914171F78D800B09420 /* popoverArrowLeft@2x.png in Resources */ = {isa = PBXBuildFile; fileRef = 52B3B901171F78D800B09420 /* popoverArrowLeft@2x.png */; };
		52B3B915171F78D800B09420 /* popoverArrowLeft@2x.png in Resources */ = {isa = PBXBuildFile; fileRef = 52B3B901171F78D800B09420 /* popoverArrowLeft@2x.png */; };
		52B3B916171F78D800B09420 /* popoverArrowLeftSimple.png in Resources */ = {isa = PBXBuildFile; fileRef = 52B3B902171F78D800B09420 /* popoverArrowLeftSimple.png */; };
		52B3B917171F78D800B09420 /* popoverArrowLeftSimple.png in Resources */ = {isa = PBXBuildFile; fileRef = 52B3B902171F78D800B09420 /* popoverArrowLeftSimple.png */; };
		52B3B918171F78D800B09420 /* popoverArrowRight.png in Resources */ = {isa = PBXBuildFile; fileRef = 52B3B903171F78D800B09420 /* popoverArrowRight.png */; };
		52B3B919171F78D800B09420 /* popoverArrowRight.png in Resources */ = {isa = PBXBuildFile; fileRef = 52B3B903171F78D800B09420 /* popoverArrowRight.png */; };
		52B3B91A171F78D800B09420 /* popoverArrowRight@2x.png in Resources */ = {isa = PBXBuildFile; fileRef = 52B3B904171F78D800B09420 /* popoverArrowRight@2x.png */; };
		52B3B91B171F78D800B09420 /* popoverArrowRight@2x.png in Resources */ = {isa = PBXBuildFile; fileRef = 52B3B904171F78D800B09420 /* popoverArrowRight@2x.png */; };
		52B3B91C171F78D800B09420 /* popoverArrowRightSimple.png in Resources */ = {isa = PBXBuildFile; fileRef = 52B3B905171F78D800B09420 /* popoverArrowRightSimple.png */; };
		52B3B91D171F78D800B09420 /* popoverArrowRightSimple.png in Resources */ = {isa = PBXBuildFile; fileRef = 52B3B905171F78D800B09420 /* popoverArrowRightSimple.png */; };
		52B3B91E171F78D800B09420 /* popoverArrowUp.png in Resources */ = {isa = PBXBuildFile; fileRef = 52B3B906171F78D800B09420 /* popoverArrowUp.png */; };
		52B3B91F171F78D800B09420 /* popoverArrowUp.png in Resources */ = {isa = PBXBuildFile; fileRef = 52B3B906171F78D800B09420 /* popoverArrowUp.png */; };
		52B3B920171F78D800B09420 /* popoverArrowUp@2x.png in Resources */ = {isa = PBXBuildFile; fileRef = 52B3B907171F78D800B09420 /* popoverArrowUp@2x.png */; };
		52B3B921171F78D800B09420 /* popoverArrowUp@2x.png in Resources */ = {isa = PBXBuildFile; fileRef = 52B3B907171F78D800B09420 /* popoverArrowUp@2x.png */; };
		52B3B922171F78D800B09420 /* popoverArrowUpSimple.png in Resources */ = {isa = PBXBuildFile; fileRef = 52B3B908171F78D800B09420 /* popoverArrowUpSimple.png */; };
		52B3B923171F78D800B09420 /* popoverArrowUpSimple.png in Resources */ = {isa = PBXBuildFile; fileRef = 52B3B908171F78D800B09420 /* popoverArrowUpSimple.png */; };
		52B3B924171F78D800B09420 /* popoverBg.png in Resources */ = {isa = PBXBuildFile; fileRef = 52B3B909171F78D800B09420 /* popoverBg.png */; };
		52B3B925171F78D800B09420 /* popoverBg.png in Resources */ = {isa = PBXBuildFile; fileRef = 52B3B909171F78D800B09420 /* popoverBg.png */; };
		52B3B926171F78D800B09420 /* popoverBg@2x.png in Resources */ = {isa = PBXBuildFile; fileRef = 52B3B90A171F78D800B09420 /* popoverBg@2x.png */; };
		52B3B927171F78D800B09420 /* popoverBg@2x.png in Resources */ = {isa = PBXBuildFile; fileRef = 52B3B90A171F78D800B09420 /* popoverBg@2x.png */; };
		52B3B928171F78D800B09420 /* popoverBgSimple.png in Resources */ = {isa = PBXBuildFile; fileRef = 52B3B90B171F78D800B09420 /* popoverBgSimple.png */; };
		52B3B929171F78D800B09420 /* popoverBgSimple.png in Resources */ = {isa = PBXBuildFile; fileRef = 52B3B90B171F78D800B09420 /* popoverBgSimple.png */; };
		52B3B931172494DF00B09420 /* QuartzCore.framework in Frameworks */ = {isa = PBXBuildFile; fileRef = 52B3B930172494DF00B09420 /* QuartzCore.framework */; };
		52CD7BC1170BB52200247F75 /* GMNodeView.m in Sources */ = {isa = PBXBuildFile; fileRef = 52CD7BC0170BB52200247F75 /* GMNodeView.m */; };
		52CD7BC2170BB52200247F75 /* GMNodeView.m in Sources */ = {isa = PBXBuildFile; fileRef = 52CD7BC0170BB52200247F75 /* GMNodeView.m */; };
		52EE9CA216F13FEC00284359 /* UIKit.framework in Frameworks */ = {isa = PBXBuildFile; fileRef = 52EE9CA116F13FEC00284359 /* UIKit.framework */; };
		52EE9CA416F13FEC00284359 /* Foundation.framework in Frameworks */ = {isa = PBXBuildFile; fileRef = 52EE9CA316F13FEC00284359 /* Foundation.framework */; };
		52EE9CA616F13FEC00284359 /* CoreGraphics.framework in Frameworks */ = {isa = PBXBuildFile; fileRef = 52EE9CA516F13FEC00284359 /* CoreGraphics.framework */; };
		52EE9CAC16F13FEC00284359 /* InfoPlist.strings in Resources */ = {isa = PBXBuildFile; fileRef = 52EE9CAA16F13FEC00284359 /* InfoPlist.strings */; };
		52EE9CAE16F13FEC00284359 /* main.m in Sources */ = {isa = PBXBuildFile; fileRef = 52EE9CAD16F13FEC00284359 /* main.m */; };
		52EE9CB416F13FEC00284359 /* Default.png in Resources */ = {isa = PBXBuildFile; fileRef = 52EE9CB316F13FEC00284359 /* Default.png */; };
		52EE9CB616F13FEC00284359 /* Default@2x.png in Resources */ = {isa = PBXBuildFile; fileRef = 52EE9CB516F13FEC00284359 /* Default@2x.png */; };
		52EE9CB816F13FEC00284359 /* Default-568h@2x.png in Resources */ = {isa = PBXBuildFile; fileRef = 52EE9CB716F13FEC00284359 /* Default-568h@2x.png */; };
		52EE9CBE16F13FED00284359 /* GMGraphViewController_iPhone.xib in Resources */ = {isa = PBXBuildFile; fileRef = 52EE9CBC16F13FED00284359 /* GMGraphViewController_iPhone.xib */; };
		52EE9CC116F13FED00284359 /* GMGraphViewController_iPad.xib in Resources */ = {isa = PBXBuildFile; fileRef = 52EE9CBF16F13FED00284359 /* GMGraphViewController_iPad.xib */; };
		52EE9CC916F13FED00284359 /* SenTestingKit.framework in Frameworks */ = {isa = PBXBuildFile; fileRef = 52EE9CC816F13FED00284359 /* SenTestingKit.framework */; };
		52EE9CCA16F13FED00284359 /* UIKit.framework in Frameworks */ = {isa = PBXBuildFile; fileRef = 52EE9CA116F13FEC00284359 /* UIKit.framework */; };
		52EE9CCB16F13FED00284359 /* Foundation.framework in Frameworks */ = {isa = PBXBuildFile; fileRef = 52EE9CA316F13FEC00284359 /* Foundation.framework */; };
		52EE9CD316F13FED00284359 /* InfoPlist.strings in Resources */ = {isa = PBXBuildFile; fileRef = 52EE9CD116F13FED00284359 /* InfoPlist.strings */; };
		52EE9CD616F13FED00284359 /* GraphMasterTests.m in Sources */ = {isa = PBXBuildFile; fileRef = 52EE9CD516F13FED00284359 /* GraphMasterTests.m */; };
		52EE9CE316F1414F00284359 /* GMGraphViewController.m in Sources */ = {isa = PBXBuildFile; fileRef = 52EE9CE216F1414F00284359 /* GMGraphViewController.m */; };
		52EE9CE416F1414F00284359 /* GMGraphViewController.m in Sources */ = {isa = PBXBuildFile; fileRef = 52EE9CE216F1414F00284359 /* GMGraphViewController.m */; };
		52EE9CE716F1415A00284359 /* GMAppDelegate.m in Sources */ = {isa = PBXBuildFile; fileRef = 52EE9CE616F1415A00284359 /* GMAppDelegate.m */; };
		52EE9CE816F1415A00284359 /* GMAppDelegate.m in Sources */ = {isa = PBXBuildFile; fileRef = 52EE9CE616F1415A00284359 /* GMAppDelegate.m */; };
		52EE9CF116F141D600284359 /* GMEdge.m in Sources */ = {isa = PBXBuildFile; fileRef = 52EE9CF016F141D600284359 /* GMEdge.m */; };
		52EE9CF216F141D600284359 /* GMEdge.m in Sources */ = {isa = PBXBuildFile; fileRef = 52EE9CF016F141D600284359 /* GMEdge.m */; };
		52EE9CFB16F1461F00284359 /* GMGraphCanvass.m in Sources */ = {isa = PBXBuildFile; fileRef = 52EE9CFA16F1461F00284359 /* GMGraphCanvass.m */; };
		52EE9CFC16F1461F00284359 /* GMGraphCanvass.m in Sources */ = {isa = PBXBuildFile; fileRef = 52EE9CFA16F1461F00284359 /* GMGraphCanvass.m */; };
/* End PBXBuildFile section */

/* Begin PBXContainerItemProxy section */
		52EE9CCC16F13FED00284359 /* PBXContainerItemProxy */ = {
			isa = PBXContainerItemProxy;
			containerPortal = 52EE9C9416F13FEC00284359 /* Project object */;
			proxyType = 1;
			remoteGlobalIDString = 52EE9C9C16F13FEC00284359;
			remoteInfo = GraphMaster;
		};
/* End PBXContainerItemProxy section */

/* Begin PBXFileReference section */
		520B5F621741E78F0023A38E /* GMGraphOptionsViewsSelectionDelegate.h */ = {isa = PBXFileReference; fileEncoding = 4; lastKnownFileType = sourcecode.c.h; name = GMGraphOptionsViewsSelectionDelegate.h; path = "Classes/Options View/GMGraphOptionsViewsSelectionDelegate.h"; sourceTree = "<group>"; };
		521DF422175BF577003310D2 /* GMAlgorithmSolver.h */ = {isa = PBXFileReference; fileEncoding = 4; lastKnownFileType = sourcecode.c.h; name = GMAlgorithmSolver.h; path = "Classes/Algorithm Solver/GMAlgorithmSolver.h"; sourceTree = "<group>"; };
		521DF423175BF577003310D2 /* GMAlgorithmSolver.m */ = {isa = PBXFileReference; fileEncoding = 4; lastKnownFileType = sourcecode.c.objc; name = GMAlgorithmSolver.m; path = "Classes/Algorithm Solver/GMAlgorithmSolver.m"; sourceTree = "<group>"; };
		5220580F1724C262004EE526 /* GMEdgeOptionsDelegate.h */ = {isa = PBXFileReference; fileEncoding = 4; lastKnownFileType = sourcecode.c.h; name = GMEdgeOptionsDelegate.h; path = "Classes/Edge Options View Controller/GMEdgeOptionsDelegate.h"; sourceTree = "<group>"; };
		522058101724C262004EE526 /* GMEdgeOptionsViewController.h */ = {isa = PBXFileReference; fileEncoding = 4; lastKnownFileType = sourcecode.c.h; name = GMEdgeOptionsViewController.h; path = "Classes/Edge Options View Controller/GMEdgeOptionsViewController.h"; sourceTree = "<group>"; };
		522058111724C262004EE526 /* GMEdgeOptionsViewController.m */ = {isa = PBXFileReference; fileEncoding = 4; lastKnownFileType = sourcecode.c.objc; name = GMEdgeOptionsViewController.m; path = "Classes/Edge Options View Controller/GMEdgeOptionsViewController.m"; sourceTree = "<group>"; };
		522058141724C4C1004EE526 /* GMNodeOptionsViewController.h */ = {isa = PBXFileReference; fileEncoding = 4; lastKnownFileType = sourcecode.c.h; name = GMNodeOptionsViewController.h; path = "Classes/Node Options View Controller/GMNodeOptionsViewController.h"; sourceTree = "<group>"; };
		522058151724C4C1004EE526 /* GMNodeOptionsViewController.m */ = {isa = PBXFileReference; fileEncoding = 4; lastKnownFileType = sourcecode.c.objc; name = GMNodeOptionsViewController.m; path = "Classes/Node Options View Controller/GMNodeOptionsViewController.m"; sourceTree = "<group>"; };
		524464A417308A3600E0E5FF /* CGPointAdditions.c */ = {isa = PBXFileReference; fileEncoding = 4; lastKnownFileType = sourcecode.c.c; path = CGPointAdditions.c; sourceTree = "<group>"; };
		524464A517308A3600E0E5FF /* CGPointAdditions.h */ = {isa = PBXFileReference; fileEncoding = 4; lastKnownFileType = sourcecode.c.h; path = CGPointAdditions.h; sourceTree = "<group>"; };
		524464A717308A3600E0E5FF /* BackFragmentShader.glsl */ = {isa = PBXFileReference; fileEncoding = 4; lastKnownFileType = text; path = BackFragmentShader.glsl; sourceTree = "<group>"; };
		524464A817308A3600E0E5FF /* BackPageGradient.png */ = {isa = PBXFileReference; lastKnownFileType = image.png; path = BackPageGradient.png; sourceTree = "<group>"; };
		524464A917308A3600E0E5FF /* BackVertexShader.glsl */ = {isa = PBXFileReference; fileEncoding = 4; lastKnownFileType = text; path = BackVertexShader.glsl; sourceTree = "<group>"; };
		524464AA17308A3600E0E5FF /* FrontFragmentShader.glsl */ = {isa = PBXFileReference; fileEncoding = 4; lastKnownFileType = text; path = FrontFragmentShader.glsl; sourceTree = "<group>"; };
		524464AB17308A3600E0E5FF /* FrontVertexShader.glsl */ = {isa = PBXFileReference; fileEncoding = 4; lastKnownFileType = text; path = FrontVertexShader.glsl; sourceTree = "<group>"; };
		524464AC17308A3600E0E5FF /* NextPageFragmentShader.glsl */ = {isa = PBXFileReference; fileEncoding = 4; lastKnownFileType = text; path = NextPageFragmentShader.glsl; sourceTree = "<group>"; };
		524464AD17308A3600E0E5FF /* NextPageNoTextureFragmentShader.glsl */ = {isa = PBXFileReference; fileEncoding = 4; lastKnownFileType = text; path = NextPageNoTextureFragmentShader.glsl; sourceTree = "<group>"; };
		524464AE17308A3600E0E5FF /* NextPageNoTextureVertexShader.glsl */ = {isa = PBXFileReference; fileEncoding = 4; lastKnownFileType = text; path = NextPageNoTextureVertexShader.glsl; sourceTree = "<group>"; };
		524464AF17308A3600E0E5FF /* NextPageVertexShader.glsl */ = {isa = PBXFileReference; fileEncoding = 4; lastKnownFileType = text; path = NextPageVertexShader.glsl; sourceTree = "<group>"; };
		524464B017308A3600E0E5FF /* XBAnimation.h */ = {isa = PBXFileReference; fileEncoding = 4; lastKnownFileType = sourcecode.c.h; path = XBAnimation.h; sourceTree = "<group>"; };
		524464B117308A3600E0E5FF /* XBAnimation.m */ = {isa = PBXFileReference; fileEncoding = 4; lastKnownFileType = sourcecode.c.objc; path = XBAnimation.m; sourceTree = "<group>"; };
		524464B217308A3600E0E5FF /* XBAnimationManager.h */ = {isa = PBXFileReference; fileEncoding = 4; lastKnownFileType = sourcecode.c.h; path = XBAnimationManager.h; sourceTree = "<group>"; };
		524464B317308A3600E0E5FF /* XBAnimationManager.m */ = {isa = PBXFileReference; fileEncoding = 4; lastKnownFileType = sourcecode.c.objc; path = XBAnimationManager.m; sourceTree = "<group>"; };
		524464B417308A3600E0E5FF /* XBCurlView.h */ = {isa = PBXFileReference; fileEncoding = 4; lastKnownFileType = sourcecode.c.h; path = XBCurlView.h; sourceTree = "<group>"; };
		524464B517308A3600E0E5FF /* XBCurlView.m */ = {isa = PBXFileReference; fileEncoding = 4; lastKnownFileType = sourcecode.c.objc; path = XBCurlView.m; sourceTree = "<group>"; };
		524464B617308A3600E0E5FF /* XBPageCurlView.h */ = {isa = PBXFileReference; fileEncoding = 4; lastKnownFileType = sourcecode.c.h; path = XBPageCurlView.h; sourceTree = "<group>"; };
		524464B717308A3600E0E5FF /* XBPageCurlView.m */ = {isa = PBXFileReference; fileEncoding = 4; lastKnownFileType = sourcecode.c.objc; path = XBPageCurlView.m; sourceTree = "<group>"; };
		524464B817308A3600E0E5FF /* XBPageDragView.h */ = {isa = PBXFileReference; fileEncoding = 4; lastKnownFileType = sourcecode.c.h; path = XBPageDragView.h; sourceTree = "<group>"; };
		524464B917308A3600E0E5FF /* XBPageDragView.m */ = {isa = PBXFileReference; fileEncoding = 4; lastKnownFileType = sourcecode.c.objc; path = XBPageDragView.m; sourceTree = "<group>"; };
		524464BA17308A3600E0E5FF /* XBSnappingPoint.h */ = {isa = PBXFileReference; fileEncoding = 4; lastKnownFileType = sourcecode.c.h; path = XBSnappingPoint.h; sourceTree = "<group>"; };
		524464BB17308A3600E0E5FF /* XBSnappingPoint.m */ = {isa = PBXFileReference; fileEncoding = 4; lastKnownFileType = sourcecode.c.objc; path = XBSnappingPoint.m; sourceTree = "<group>"; };
		524464DC17308C6500E0E5FF /* OpenGLES.framework */ = {isa = PBXFileReference; lastKnownFileType = wrapper.framework; name = OpenGLES.framework; path = System/Library/Frameworks/OpenGLES.framework; sourceTree = SDKROOT; };
		524464DE1730925300E0E5FF /* page_curl.png */ = {isa = PBXFileReference; lastKnownFileType = image.png; name = page_curl.png; path = GraphMaster/page_curl.png; sourceTree = SOURCE_ROOT; };
		52973DDF17309B9F00B5A51D /* GMGraphOptionsView.h */ = {isa = PBXFileReference; fileEncoding = 4; lastKnownFileType = sourcecode.c.h; name = GMGraphOptionsView.h; path = "Classes/Options View/GMGraphOptionsView.h"; sourceTree = "<group>"; };
		52973DE017309B9F00B5A51D /* GMGraphOptionsView.m */ = {isa = PBXFileReference; fileEncoding = 4; lastKnownFileType = sourcecode.c.objc; name = GMGraphOptionsView.m; path = "Classes/Options View/GMGraphOptionsView.m"; sourceTree = "<group>"; };
		52B3B8E3171F70C900B09420 /* GMNodeViewSelectionDelegate.h */ = {isa = PBXFileReference; fileEncoding = 4; lastKnownFileType = sourcecode.c.h; name = GMNodeViewSelectionDelegate.h; path = Classes/Models/GMNodeViewSelectionDelegate.h; sourceTree = "<group>"; };
		52B3B8E4171F712F00B09420 /* GMEdgeSelectionDelegate.h */ = {isa = PBXFileReference; fileEncoding = 4; lastKnownFileType = sourcecode.c.h; name = GMEdgeSelectionDelegate.h; path = Classes/Models/GMEdgeSelectionDelegate.h; sourceTree = "<group>"; };
		52B3B8EA171F78A200B09420 /* UIBarButtonItem+WEPopover.h */ = {isa = PBXFileReference; fileEncoding = 4; lastKnownFileType = sourcecode.c.h; path = "UIBarButtonItem+WEPopover.h"; sourceTree = "<group>"; };
		52B3B8EB171F78A200B09420 /* UIBarButtonItem+WEPopover.m */ = {isa = PBXFileReference; fileEncoding = 4; lastKnownFileType = sourcecode.c.objc; path = "UIBarButtonItem+WEPopover.m"; sourceTree = "<group>"; };
		52B3B8EC171F78A200B09420 /* WEPopoverContainerView.h */ = {isa = PBXFileReference; fileEncoding = 4; lastKnownFileType = sourcecode.c.h; path = WEPopoverContainerView.h; sourceTree = "<group>"; };
		52B3B8ED171F78A200B09420 /* WEPopoverContainerView.m */ = {isa = PBXFileReference; fileEncoding = 4; lastKnownFileType = sourcecode.c.objc; path = WEPopoverContainerView.m; sourceTree = "<group>"; };
		52B3B8EE171F78A200B09420 /* WEPopoverController.h */ = {isa = PBXFileReference; fileEncoding = 4; lastKnownFileType = sourcecode.c.h; path = WEPopoverController.h; sourceTree = "<group>"; };
		52B3B8EF171F78A200B09420 /* WEPopoverController.m */ = {isa = PBXFileReference; fileEncoding = 4; lastKnownFileType = sourcecode.c.objc; path = WEPopoverController.m; sourceTree = "<group>"; };
		52B3B8F0171F78A200B09420 /* WEPopoverParentView.h */ = {isa = PBXFileReference; fileEncoding = 4; lastKnownFileType = sourcecode.c.h; path = WEPopoverParentView.h; sourceTree = "<group>"; };
		52B3B8F1171F78A200B09420 /* WETouchableView.h */ = {isa = PBXFileReference; fileEncoding = 4; lastKnownFileType = sourcecode.c.h; path = WETouchableView.h; sourceTree = "<group>"; };
		52B3B8F2171F78A200B09420 /* WETouchableView.m */ = {isa = PBXFileReference; fileEncoding = 4; lastKnownFileType = sourcecode.c.objc; path = WETouchableView.m; sourceTree = "<group>"; };
		52B3B8FD171F78D800B09420 /* popoverArrowDown.png */ = {isa = PBXFileReference; lastKnownFileType = image.png; path = popoverArrowDown.png; sourceTree = "<group>"; };
		52B3B8FE171F78D800B09420 /* popoverArrowDown@2x.png */ = {isa = PBXFileReference; lastKnownFileType = image.png; path = "popoverArrowDown@2x.png"; sourceTree = "<group>"; };
		52B3B8FF171F78D800B09420 /* popoverArrowDownSimple.png */ = {isa = PBXFileReference; lastKnownFileType = image.png; path = popoverArrowDownSimple.png; sourceTree = "<group>"; };
		52B3B900171F78D800B09420 /* popoverArrowLeft.png */ = {isa = PBXFileReference; lastKnownFileType = image.png; path = popoverArrowLeft.png; sourceTree = "<group>"; };
		52B3B901171F78D800B09420 /* popoverArrowLeft@2x.png */ = {isa = PBXFileReference; lastKnownFileType = image.png; path = "popoverArrowLeft@2x.png"; sourceTree = "<group>"; };
		52B3B902171F78D800B09420 /* popoverArrowLeftSimple.png */ = {isa = PBXFileReference; lastKnownFileType = image.png; path = popoverArrowLeftSimple.png; sourceTree = "<group>"; };
		52B3B903171F78D800B09420 /* popoverArrowRight.png */ = {isa = PBXFileReference; lastKnownFileType = image.png; path = popoverArrowRight.png; sourceTree = "<group>"; };
		52B3B904171F78D800B09420 /* popoverArrowRight@2x.png */ = {isa = PBXFileReference; lastKnownFileType = image.png; path = "popoverArrowRight@2x.png"; sourceTree = "<group>"; };
		52B3B905171F78D800B09420 /* popoverArrowRightSimple.png */ = {isa = PBXFileReference; lastKnownFileType = image.png; path = popoverArrowRightSimple.png; sourceTree = "<group>"; };
		52B3B906171F78D800B09420 /* popoverArrowUp.png */ = {isa = PBXFileReference; lastKnownFileType = image.png; path = popoverArrowUp.png; sourceTree = "<group>"; };
		52B3B907171F78D800B09420 /* popoverArrowUp@2x.png */ = {isa = PBXFileReference; lastKnownFileType = image.png; path = "popoverArrowUp@2x.png"; sourceTree = "<group>"; };
		52B3B908171F78D800B09420 /* popoverArrowUpSimple.png */ = {isa = PBXFileReference; lastKnownFileType = image.png; path = popoverArrowUpSimple.png; sourceTree = "<group>"; };
		52B3B909171F78D800B09420 /* popoverBg.png */ = {isa = PBXFileReference; lastKnownFileType = image.png; path = popoverBg.png; sourceTree = "<group>"; };
		52B3B90A171F78D800B09420 /* popoverBg@2x.png */ = {isa = PBXFileReference; lastKnownFileType = image.png; path = "popoverBg@2x.png"; sourceTree = "<group>"; };
		52B3B90B171F78D800B09420 /* popoverBgSimple.png */ = {isa = PBXFileReference; lastKnownFileType = image.png; path = popoverBgSimple.png; sourceTree = "<group>"; };
		52B3B930172494DF00B09420 /* QuartzCore.framework */ = {isa = PBXFileReference; lastKnownFileType = wrapper.framework; name = QuartzCore.framework; path = System/Library/Frameworks/QuartzCore.framework; sourceTree = SDKROOT; };
		52CD7BBF170BB52200247F75 /* GMNodeView.h */ = {isa = PBXFileReference; fileEncoding = 4; lastKnownFileType = sourcecode.c.h; name = GMNodeView.h; path = Classes/Models/GMNodeView.h; sourceTree = "<group>"; };
		52CD7BC0170BB52200247F75 /* GMNodeView.m */ = {isa = PBXFileReference; fileEncoding = 4; lastKnownFileType = sourcecode.c.objc; name = GMNodeView.m; path = Classes/Models/GMNodeView.m; sourceTree = "<group>"; };
		52EE9C9D16F13FEC00284359 /* GraphMaster.app */ = {isa = PBXFileReference; explicitFileType = wrapper.application; includeInIndex = 0; path = GraphMaster.app; sourceTree = BUILT_PRODUCTS_DIR; };
		52EE9CA116F13FEC00284359 /* UIKit.framework */ = {isa = PBXFileReference; lastKnownFileType = wrapper.framework; name = UIKit.framework; path = System/Library/Frameworks/UIKit.framework; sourceTree = SDKROOT; };
		52EE9CA316F13FEC00284359 /* Foundation.framework */ = {isa = PBXFileReference; lastKnownFileType = wrapper.framework; name = Foundation.framework; path = System/Library/Frameworks/Foundation.framework; sourceTree = SDKROOT; };
		52EE9CA516F13FEC00284359 /* CoreGraphics.framework */ = {isa = PBXFileReference; lastKnownFileType = wrapper.framework; name = CoreGraphics.framework; path = System/Library/Frameworks/CoreGraphics.framework; sourceTree = SDKROOT; };
		52EE9CA916F13FEC00284359 /* GraphMaster-Info.plist */ = {isa = PBXFileReference; lastKnownFileType = text.plist.xml; path = "GraphMaster-Info.plist"; sourceTree = "<group>"; };
		52EE9CAB16F13FEC00284359 /* en */ = {isa = PBXFileReference; lastKnownFileType = text.plist.strings; name = en; path = en.lproj/InfoPlist.strings; sourceTree = "<group>"; };
		52EE9CAD16F13FEC00284359 /* main.m */ = {isa = PBXFileReference; lastKnownFileType = sourcecode.c.objc; path = main.m; sourceTree = "<group>"; };
		52EE9CAF16F13FEC00284359 /* GraphMaster-Prefix.pch */ = {isa = PBXFileReference; lastKnownFileType = sourcecode.c.h; path = "GraphMaster-Prefix.pch"; sourceTree = "<group>"; };
		52EE9CB316F13FEC00284359 /* Default.png */ = {isa = PBXFileReference; lastKnownFileType = image.png; path = Default.png; sourceTree = "<group>"; };
		52EE9CB516F13FEC00284359 /* Default@2x.png */ = {isa = PBXFileReference; lastKnownFileType = image.png; path = "Default@2x.png"; sourceTree = "<group>"; };
		52EE9CB716F13FEC00284359 /* Default-568h@2x.png */ = {isa = PBXFileReference; lastKnownFileType = image.png; path = "Default-568h@2x.png"; sourceTree = "<group>"; };
		52EE9CBD16F13FED00284359 /* en */ = {isa = PBXFileReference; lastKnownFileType = file.xib; name = en; path = en.lproj/GMGraphViewController_iPhone.xib; sourceTree = "<group>"; };
		52EE9CC016F13FED00284359 /* en */ = {isa = PBXFileReference; lastKnownFileType = file.xib; name = en; path = en.lproj/GMGraphViewController_iPad.xib; sourceTree = "<group>"; };
		52EE9CC716F13FED00284359 /* GraphMasterTests.octest */ = {isa = PBXFileReference; explicitFileType = wrapper.cfbundle; includeInIndex = 0; path = GraphMasterTests.octest; sourceTree = BUILT_PRODUCTS_DIR; };
		52EE9CC816F13FED00284359 /* SenTestingKit.framework */ = {isa = PBXFileReference; lastKnownFileType = wrapper.framework; name = SenTestingKit.framework; path = Library/Frameworks/SenTestingKit.framework; sourceTree = DEVELOPER_DIR; };
		52EE9CD016F13FED00284359 /* GraphMasterTests-Info.plist */ = {isa = PBXFileReference; lastKnownFileType = text.plist.xml; path = "GraphMasterTests-Info.plist"; sourceTree = "<group>"; };
		52EE9CD216F13FED00284359 /* en */ = {isa = PBXFileReference; lastKnownFileType = text.plist.strings; name = en; path = en.lproj/InfoPlist.strings; sourceTree = "<group>"; };
		52EE9CD416F13FED00284359 /* GraphMasterTests.h */ = {isa = PBXFileReference; lastKnownFileType = sourcecode.c.h; path = GraphMasterTests.h; sourceTree = "<group>"; };
		52EE9CD516F13FED00284359 /* GraphMasterTests.m */ = {isa = PBXFileReference; lastKnownFileType = sourcecode.c.objc; path = GraphMasterTests.m; sourceTree = "<group>"; };
		52EE9CE116F1414F00284359 /* GMGraphViewController.h */ = {isa = PBXFileReference; fileEncoding = 4; lastKnownFileType = sourcecode.c.h; name = GMGraphViewController.h; path = "Classes/Graph View Controller/GMGraphViewController.h"; sourceTree = "<group>"; };
		52EE9CE216F1414F00284359 /* GMGraphViewController.m */ = {isa = PBXFileReference; fileEncoding = 4; lastKnownFileType = sourcecode.c.objc; name = GMGraphViewController.m; path = "Classes/Graph View Controller/GMGraphViewController.m"; sourceTree = "<group>"; };
		52EE9CE516F1415A00284359 /* GMAppDelegate.h */ = {isa = PBXFileReference; fileEncoding = 4; lastKnownFileType = sourcecode.c.h; name = GMAppDelegate.h; path = Classes/Delegate/GMAppDelegate.h; sourceTree = "<group>"; };
		52EE9CE616F1415A00284359 /* GMAppDelegate.m */ = {isa = PBXFileReference; fileEncoding = 4; lastKnownFileType = sourcecode.c.objc; name = GMAppDelegate.m; path = Classes/Delegate/GMAppDelegate.m; sourceTree = "<group>"; };
		52EE9CEF16F141D600284359 /* GMEdge.h */ = {isa = PBXFileReference; fileEncoding = 4; lastKnownFileType = sourcecode.c.h; name = GMEdge.h; path = Classes/Models/GMEdge.h; sourceTree = "<group>"; };
		52EE9CF016F141D600284359 /* GMEdge.m */ = {isa = PBXFileReference; fileEncoding = 4; lastKnownFileType = sourcecode.c.objc; name = GMEdge.m; path = Classes/Models/GMEdge.m; sourceTree = "<group>"; };
		52EE9CF916F1461F00284359 /* GMGraphCanvass.h */ = {isa = PBXFileReference; fileEncoding = 4; lastKnownFileType = sourcecode.c.h; name = GMGraphCanvass.h; path = "Classes/Graph View Controller/Canvass/GMGraphCanvass.h"; sourceTree = "<group>"; };
		52EE9CFA16F1461F00284359 /* GMGraphCanvass.m */ = {isa = PBXFileReference; fileEncoding = 4; lastKnownFileType = sourcecode.c.objc; name = GMGraphCanvass.m; path = "Classes/Graph View Controller/Canvass/GMGraphCanvass.m"; sourceTree = "<group>"; };
/* End PBXFileReference section */

/* Begin PBXFrameworksBuildPhase section */
		52EE9C9A16F13FEC00284359 /* Frameworks */ = {
			isa = PBXFrameworksBuildPhase;
			buildActionMask = 2147483647;
			files = (
				524464DD17308C6500E0E5FF /* OpenGLES.framework in Frameworks */,
				52B3B931172494DF00B09420 /* QuartzCore.framework in Frameworks */,
				52EE9CA216F13FEC00284359 /* UIKit.framework in Frameworks */,
				52EE9CA416F13FEC00284359 /* Foundation.framework in Frameworks */,
				52EE9CA616F13FEC00284359 /* CoreGraphics.framework in Frameworks */,
			);
			runOnlyForDeploymentPostprocessing = 0;
		};
		52EE9CC316F13FED00284359 /* Frameworks */ = {
			isa = PBXFrameworksBuildPhase;
			buildActionMask = 2147483647;
			files = (
				52EE9CC916F13FED00284359 /* SenTestingKit.framework in Frameworks */,
				52EE9CCA16F13FED00284359 /* UIKit.framework in Frameworks */,
				52EE9CCB16F13FED00284359 /* Foundation.framework in Frameworks */,
			);
			runOnlyForDeploymentPostprocessing = 0;
		};
/* End PBXFrameworksBuildPhase section */

/* Begin PBXGroup section */
		521DF421175BF538003310D2 /* Algorithms */ = {
			isa = PBXGroup;
			children = (
				521DF422175BF577003310D2 /* GMAlgorithmSolver.h */,
				521DF423175BF577003310D2 /* GMAlgorithmSolver.m */,
			);
			name = Algorithms;
			sourceTree = "<group>";
		};
		5220580B1724C1BA004EE526 /* Node Options View Controller */ = {
			isa = PBXGroup;
			children = (
				522058141724C4C1004EE526 /* GMNodeOptionsViewController.h */,
				522058151724C4C1004EE526 /* GMNodeOptionsViewController.m */,
			);
			name = "Node Options View Controller";
			sourceTree = "<group>";
		};
		5220580D1724C1F4004EE526 /* Edge */ = {
			isa = PBXGroup;
			children = (
				52EE9CEF16F141D600284359 /* GMEdge.h */,
				52EE9CF016F141D600284359 /* GMEdge.m */,
				52B3B8E4171F712F00B09420 /* GMEdgeSelectionDelegate.h */,
			);
			name = Edge;
			sourceTree = "<group>";
		};
		5220580E1724C1FA004EE526 /* Node */ = {
			isa = PBXGroup;
			children = (
				52CD7BBF170BB52200247F75 /* GMNodeView.h */,
				52CD7BC0170BB52200247F75 /* GMNodeView.m */,
				52B3B8E3171F70C900B09420 /* GMNodeViewSelectionDelegate.h */,
			);
			name = Node;
			sourceTree = "<group>";
		};
		524464A317308A3600E0E5FF /* XBPageCurl */ = {
			isa = PBXGroup;
			children = (
				524464A417308A3600E0E5FF /* CGPointAdditions.c */,
				524464A517308A3600E0E5FF /* CGPointAdditions.h */,
				524464A617308A3600E0E5FF /* Resources */,
				524464B017308A3600E0E5FF /* XBAnimation.h */,
				524464B117308A3600E0E5FF /* XBAnimation.m */,
				524464B217308A3600E0E5FF /* XBAnimationManager.h */,
				524464B317308A3600E0E5FF /* XBAnimationManager.m */,
				524464B417308A3600E0E5FF /* XBCurlView.h */,
				524464B517308A3600E0E5FF /* XBCurlView.m */,
				524464B617308A3600E0E5FF /* XBPageCurlView.h */,
				524464B717308A3600E0E5FF /* XBPageCurlView.m */,
				524464B817308A3600E0E5FF /* XBPageDragView.h */,
				524464B917308A3600E0E5FF /* XBPageDragView.m */,
				524464BA17308A3600E0E5FF /* XBSnappingPoint.h */,
				524464BB17308A3600E0E5FF /* XBSnappingPoint.m */,
			);
			name = XBPageCurl;
			path = GraphMaster/Classes/XBPageCurl;
			sourceTree = "<group>";
		};
		524464A617308A3600E0E5FF /* Resources */ = {
			isa = PBXGroup;
			children = (
				524464A717308A3600E0E5FF /* BackFragmentShader.glsl */,
				524464A817308A3600E0E5FF /* BackPageGradient.png */,
				524464A917308A3600E0E5FF /* BackVertexShader.glsl */,
				524464AA17308A3600E0E5FF /* FrontFragmentShader.glsl */,
				524464AB17308A3600E0E5FF /* FrontVertexShader.glsl */,
				524464AC17308A3600E0E5FF /* NextPageFragmentShader.glsl */,
				524464AD17308A3600E0E5FF /* NextPageNoTextureFragmentShader.glsl */,
				524464AE17308A3600E0E5FF /* NextPageNoTextureVertexShader.glsl */,
				524464AF17308A3600E0E5FF /* NextPageVertexShader.glsl */,
			);
			path = Resources;
			sourceTree = "<group>";
		};
		52973DDE17309B2700B5A51D /* Options View */ = {
			isa = PBXGroup;
			children = (
				52973DDF17309B9F00B5A51D /* GMGraphOptionsView.h */,
				52973DE017309B9F00B5A51D /* GMGraphOptionsView.m */,
				520B5F621741E78F0023A38E /* GMGraphOptionsViewsSelectionDelegate.h */,
			);
			name = "Options View";
			sourceTree = "<group>";
		};
		52B3B8E9171F78A200B09420 /* WEPopover */ = {
			isa = PBXGroup;
			children = (
				52B3B8EA171F78A200B09420 /* UIBarButtonItem+WEPopover.h */,
				52B3B8EB171F78A200B09420 /* UIBarButtonItem+WEPopover.m */,
				52B3B8EC171F78A200B09420 /* WEPopoverContainerView.h */,
				52B3B8ED171F78A200B09420 /* WEPopoverContainerView.m */,
				52B3B8EE171F78A200B09420 /* WEPopoverController.h */,
				52B3B8EF171F78A200B09420 /* WEPopoverController.m */,
				52B3B8F0171F78A200B09420 /* WEPopoverParentView.h */,
				52B3B8F1171F78A200B09420 /* WETouchableView.h */,
				52B3B8F2171F78A200B09420 /* WETouchableView.m */,
			);
			name = WEPopover;
			path = GraphMaster/Classes/Popover;
			sourceTree = "<group>";
		};
		52B3B8FB171F78D800B09420 /* Resources */ = {
			isa = PBXGroup;
			children = (
				524464DE1730925300E0E5FF /* page_curl.png */,
				52B3B8FC171F78D800B09420 /* WEPopover */,
			);
			path = Resources;
			sourceTree = "<group>";
		};
		52B3B8FC171F78D800B09420 /* WEPopover */ = {
			isa = PBXGroup;
			children = (
				52B3B8FD171F78D800B09420 /* popoverArrowDown.png */,
				52B3B8FE171F78D800B09420 /* popoverArrowDown@2x.png */,
				52B3B8FF171F78D800B09420 /* popoverArrowDownSimple.png */,
				52B3B900171F78D800B09420 /* popoverArrowLeft.png */,
				52B3B901171F78D800B09420 /* popoverArrowLeft@2x.png */,
				52B3B902171F78D800B09420 /* popoverArrowLeftSimple.png */,
				52B3B903171F78D800B09420 /* popoverArrowRight.png */,
				52B3B904171F78D800B09420 /* popoverArrowRight@2x.png */,
				52B3B905171F78D800B09420 /* popoverArrowRightSimple.png */,
				52B3B906171F78D800B09420 /* popoverArrowUp.png */,
				52B3B907171F78D800B09420 /* popoverArrowUp@2x.png */,
				52B3B908171F78D800B09420 /* popoverArrowUpSimple.png */,
				52B3B909171F78D800B09420 /* popoverBg.png */,
				52B3B90A171F78D800B09420 /* popoverBg@2x.png */,
				52B3B90B171F78D800B09420 /* popoverBgSimple.png */,
			);
			path = WEPopover;
			sourceTree = "<group>";
		};
		52B3B92A171F7AF200B09420 /* Edge Options View Controller */ = {
			isa = PBXGroup;
			children = (
				522058101724C262004EE526 /* GMEdgeOptionsViewController.h */,
				522058111724C262004EE526 /* GMEdgeOptionsViewController.m */,
				5220580F1724C262004EE526 /* GMEdgeOptionsDelegate.h */,
			);
			name = "Edge Options View Controller";
			sourceTree = "<group>";
		};
		52EE9C9216F13FEC00284359 = {
			isa = PBXGroup;
			children = (
				524464A317308A3600E0E5FF /* XBPageCurl */,
				52B3B8E9171F78A200B09420 /* WEPopover */,
				52EE9CA716F13FEC00284359 /* GraphMaster */,
				52EE9CCE16F13FED00284359 /* GraphMasterTests */,
				52EE9CA016F13FEC00284359 /* Frameworks */,
				52EE9C9E16F13FEC00284359 /* Products */,
			);
			sourceTree = "<group>";
		};
		52EE9C9E16F13FEC00284359 /* Products */ = {
			isa = PBXGroup;
			children = (
				52EE9C9D16F13FEC00284359 /* GraphMaster.app */,
				52EE9CC716F13FED00284359 /* GraphMasterTests.octest */,
			);
			name = Products;
			sourceTree = "<group>";
		};
		52EE9CA016F13FEC00284359 /* Frameworks */ = {
			isa = PBXGroup;
			children = (
				524464DC17308C6500E0E5FF /* OpenGLES.framework */,
				52B3B930172494DF00B09420 /* QuartzCore.framework */,
				52EE9CA116F13FEC00284359 /* UIKit.framework */,
				52EE9CA316F13FEC00284359 /* Foundation.framework */,
				52EE9CA516F13FEC00284359 /* CoreGraphics.framework */,
				52EE9CC816F13FED00284359 /* SenTestingKit.framework */,
			);
			name = Frameworks;
			sourceTree = "<group>";
		};
		52EE9CA716F13FEC00284359 /* GraphMaster */ = {
			isa = PBXGroup;
			children = (
				521DF421175BF538003310D2 /* Algorithms */,
				52EE9CE916F1418F00284359 /* Models */,
				52EE9CE016F1413300284359 /* Graph View Controller */,
				52EE9CF416F1437400284359 /* Canvass View */,
				52973DDE17309B2700B5A51D /* Options View */,
				5220580B1724C1BA004EE526 /* Node Options View Controller */,
				52B3B92A171F7AF200B09420 /* Edge Options View Controller */,
				52EE9CDF16F1412D00284359 /* App Delegate */,
				52EE9CA816F13FEC00284359 /* Supporting Files */,
				52B3B8FB171F78D800B09420 /* Resources */,
			);
			path = GraphMaster;
			sourceTree = "<group>";
		};
		52EE9CA816F13FEC00284359 /* Supporting Files */ = {
			isa = PBXGroup;
			children = (
				52EE9CA916F13FEC00284359 /* GraphMaster-Info.plist */,
				52EE9CAA16F13FEC00284359 /* InfoPlist.strings */,
				52EE9CAD16F13FEC00284359 /* main.m */,
				52EE9CAF16F13FEC00284359 /* GraphMaster-Prefix.pch */,
				52EE9CB316F13FEC00284359 /* Default.png */,
				52EE9CB516F13FEC00284359 /* Default@2x.png */,
				52EE9CB716F13FEC00284359 /* Default-568h@2x.png */,
			);
			name = "Supporting Files";
			sourceTree = "<group>";
		};
		52EE9CCE16F13FED00284359 /* GraphMasterTests */ = {
			isa = PBXGroup;
			children = (
				52EE9CD416F13FED00284359 /* GraphMasterTests.h */,
				52EE9CD516F13FED00284359 /* GraphMasterTests.m */,
				52EE9CCF16F13FED00284359 /* Supporting Files */,
			);
			path = GraphMasterTests;
			sourceTree = "<group>";
		};
		52EE9CCF16F13FED00284359 /* Supporting Files */ = {
			isa = PBXGroup;
			children = (
				52EE9CD016F13FED00284359 /* GraphMasterTests-Info.plist */,
				52EE9CD116F13FED00284359 /* InfoPlist.strings */,
			);
			name = "Supporting Files";
			sourceTree = "<group>";
		};
		52EE9CDF16F1412D00284359 /* App Delegate */ = {
			isa = PBXGroup;
			children = (
				52EE9CE516F1415A00284359 /* GMAppDelegate.h */,
				52EE9CE616F1415A00284359 /* GMAppDelegate.m */,
			);
			name = "App Delegate";
			sourceTree = "<group>";
		};
		52EE9CE016F1413300284359 /* Graph View Controller */ = {
			isa = PBXGroup;
			children = (
				52EE9CE116F1414F00284359 /* GMGraphViewController.h */,
				52EE9CE216F1414F00284359 /* GMGraphViewController.m */,
				52EE9CBC16F13FED00284359 /* GMGraphViewController_iPhone.xib */,
				52EE9CBF16F13FED00284359 /* GMGraphViewController_iPad.xib */,
			);
			name = "Graph View Controller";
			sourceTree = "<group>";
		};
		52EE9CE916F1418F00284359 /* Models */ = {
			isa = PBXGroup;
			children = (
				5220580E1724C1FA004EE526 /* Node */,
				5220580D1724C1F4004EE526 /* Edge */,
			);
			name = Models;
			sourceTree = "<group>";
		};
		52EE9CF416F1437400284359 /* Canvass View */ = {
			isa = PBXGroup;
			children = (
				52EE9CF916F1461F00284359 /* GMGraphCanvass.h */,
				52EE9CFA16F1461F00284359 /* GMGraphCanvass.m */,
			);
			name = "Canvass View";
			sourceTree = "<group>";
		};
/* End PBXGroup section */

/* Begin PBXNativeTarget section */
		52EE9C9C16F13FEC00284359 /* GraphMaster */ = {
			isa = PBXNativeTarget;
			buildConfigurationList = 52EE9CD916F13FED00284359 /* Build configuration list for PBXNativeTarget "GraphMaster" */;
			buildPhases = (
				52EE9C9916F13FEC00284359 /* Sources */,
				52EE9C9A16F13FEC00284359 /* Frameworks */,
				52EE9C9B16F13FEC00284359 /* Resources */,
			);
			buildRules = (
			);
			dependencies = (
			);
			name = GraphMaster;
			productName = GraphMaster;
			productReference = 52EE9C9D16F13FEC00284359 /* GraphMaster.app */;
			productType = "com.apple.product-type.application";
		};
		52EE9CC616F13FED00284359 /* GraphMasterTests */ = {
			isa = PBXNativeTarget;
			buildConfigurationList = 52EE9CDC16F13FED00284359 /* Build configuration list for PBXNativeTarget "GraphMasterTests" */;
			buildPhases = (
				52EE9CC216F13FED00284359 /* Sources */,
				52EE9CC316F13FED00284359 /* Frameworks */,
				52EE9CC416F13FED00284359 /* Resources */,
				52EE9CC516F13FED00284359 /* ShellScript */,
			);
			buildRules = (
			);
			dependencies = (
				52EE9CCD16F13FED00284359 /* PBXTargetDependency */,
			);
			name = GraphMasterTests;
			productName = GraphMasterTests;
			productReference = 52EE9CC716F13FED00284359 /* GraphMasterTests.octest */;
			productType = "com.apple.product-type.bundle";
		};
/* End PBXNativeTarget section */

/* Begin PBXProject section */
		52EE9C9416F13FEC00284359 /* Project object */ = {
			isa = PBXProject;
			attributes = {
				CLASSPREFIX = GM;
				LastUpgradeCheck = 0450;
				ORGANIZATIONNAME = "John Newman";
			};
			buildConfigurationList = 52EE9C9716F13FEC00284359 /* Build configuration list for PBXProject "GraphMaster" */;
			compatibilityVersion = "Xcode 3.2";
			developmentRegion = English;
			hasScannedForEncodings = 0;
			knownRegions = (
				en,
			);
			mainGroup = 52EE9C9216F13FEC00284359;
			productRefGroup = 52EE9C9E16F13FEC00284359 /* Products */;
			projectDirPath = "";
			projectRoot = "";
			targets = (
				52EE9C9C16F13FEC00284359 /* GraphMaster */,
				52EE9CC616F13FED00284359 /* GraphMasterTests */,
			);
		};
/* End PBXProject section */

/* Begin PBXResourcesBuildPhase section */
		52EE9C9B16F13FEC00284359 /* Resources */ = {
			isa = PBXResourcesBuildPhase;
			buildActionMask = 2147483647;
			files = (
				52EE9CAC16F13FEC00284359 /* InfoPlist.strings in Resources */,
				52EE9CB416F13FEC00284359 /* Default.png in Resources */,
				52EE9CB616F13FEC00284359 /* Default@2x.png in Resources */,
				52EE9CB816F13FEC00284359 /* Default-568h@2x.png in Resources */,
				52EE9CBE16F13FED00284359 /* GMGraphViewController_iPhone.xib in Resources */,
				52EE9CC116F13FED00284359 /* GMGraphViewController_iPad.xib in Resources */,
				52B3B90C171F78D800B09420 /* popoverArrowDown.png in Resources */,
				52B3B90E171F78D800B09420 /* popoverArrowDown@2x.png in Resources */,
				52B3B910171F78D800B09420 /* popoverArrowDownSimple.png in Resources */,
				52B3B912171F78D800B09420 /* popoverArrowLeft.png in Resources */,
				52B3B914171F78D800B09420 /* popoverArrowLeft@2x.png in Resources */,
				52B3B916171F78D800B09420 /* popoverArrowLeftSimple.png in Resources */,
				52B3B918171F78D800B09420 /* popoverArrowRight.png in Resources */,
				52B3B91A171F78D800B09420 /* popoverArrowRight@2x.png in Resources */,
				52B3B91C171F78D800B09420 /* popoverArrowRightSimple.png in Resources */,
				52B3B91E171F78D800B09420 /* popoverArrowUp.png in Resources */,
				52B3B920171F78D800B09420 /* popoverArrowUp@2x.png in Resources */,
				52B3B922171F78D800B09420 /* popoverArrowUpSimple.png in Resources */,
				52B3B924171F78D800B09420 /* popoverBg.png in Resources */,
				52B3B926171F78D800B09420 /* popoverBg@2x.png in Resources */,
				52B3B928171F78D800B09420 /* popoverBgSimple.png in Resources */,
				524464BE17308A3600E0E5FF /* BackFragmentShader.glsl in Resources */,
				524464C017308A3600E0E5FF /* BackPageGradient.png in Resources */,
				524464C217308A3600E0E5FF /* BackVertexShader.glsl in Resources */,
				524464C417308A3600E0E5FF /* FrontFragmentShader.glsl in Resources */,
				524464C617308A3600E0E5FF /* FrontVertexShader.glsl in Resources */,
				524464C817308A3600E0E5FF /* NextPageFragmentShader.glsl in Resources */,
				524464CA17308A3600E0E5FF /* NextPageNoTextureFragmentShader.glsl in Resources */,
				524464CC17308A3600E0E5FF /* NextPageNoTextureVertexShader.glsl in Resources */,
				524464CE17308A3600E0E5FF /* NextPageVertexShader.glsl in Resources */,
				524464DF1730925300E0E5FF /* page_curl.png in Resources */,
			);
			runOnlyForDeploymentPostprocessing = 0;
		};
		52EE9CC416F13FED00284359 /* Resources */ = {
			isa = PBXResourcesBuildPhase;
			buildActionMask = 2147483647;
			files = (
				52EE9CD316F13FED00284359 /* InfoPlist.strings in Resources */,
				52B3B90D171F78D800B09420 /* popoverArrowDown.png in Resources */,
				52B3B90F171F78D800B09420 /* popoverArrowDown@2x.png in Resources */,
				52B3B911171F78D800B09420 /* popoverArrowDownSimple.png in Resources */,
				52B3B913171F78D800B09420 /* popoverArrowLeft.png in Resources */,
				52B3B915171F78D800B09420 /* popoverArrowLeft@2x.png in Resources */,
				52B3B917171F78D800B09420 /* popoverArrowLeftSimple.png in Resources */,
				52B3B919171F78D800B09420 /* popoverArrowRight.png in Resources */,
				52B3B91B171F78D800B09420 /* popoverArrowRight@2x.png in Resources */,
				52B3B91D171F78D800B09420 /* popoverArrowRightSimple.png in Resources */,
				52B3B91F171F78D800B09420 /* popoverArrowUp.png in Resources */,
				52B3B921171F78D800B09420 /* popoverArrowUp@2x.png in Resources */,
				52B3B923171F78D800B09420 /* popoverArrowUpSimple.png in Resources */,
				52B3B925171F78D800B09420 /* popoverBg.png in Resources */,
				52B3B927171F78D800B09420 /* popoverBg@2x.png in Resources */,
				52B3B929171F78D800B09420 /* popoverBgSimple.png in Resources */,
				524464BF17308A3600E0E5FF /* BackFragmentShader.glsl in Resources */,
				524464C117308A3600E0E5FF /* BackPageGradient.png in Resources */,
				524464C317308A3600E0E5FF /* BackVertexShader.glsl in Resources */,
				524464C517308A3600E0E5FF /* FrontFragmentShader.glsl in Resources */,
				524464C717308A3600E0E5FF /* FrontVertexShader.glsl in Resources */,
				524464C917308A3600E0E5FF /* NextPageFragmentShader.glsl in Resources */,
				524464CB17308A3600E0E5FF /* NextPageNoTextureFragmentShader.glsl in Resources */,
				524464CD17308A3600E0E5FF /* NextPageNoTextureVertexShader.glsl in Resources */,
				524464CF17308A3600E0E5FF /* NextPageVertexShader.glsl in Resources */,
				524464E01730925300E0E5FF /* page_curl.png in Resources */,
			);
			runOnlyForDeploymentPostprocessing = 0;
		};
/* End PBXResourcesBuildPhase section */

/* Begin PBXShellScriptBuildPhase section */
		52EE9CC516F13FED00284359 /* ShellScript */ = {
			isa = PBXShellScriptBuildPhase;
			buildActionMask = 2147483647;
			files = (
			);
			inputPaths = (
			);
			outputPaths = (
			);
			runOnlyForDeploymentPostprocessing = 0;
			shellPath = /bin/sh;
			shellScript = "# Run the unit tests in this test bundle.\n\"${SYSTEM_DEVELOPER_DIR}/Tools/RunUnitTests\"\n";
		};
/* End PBXShellScriptBuildPhase section */

/* Begin PBXSourcesBuildPhase section */
		52EE9C9916F13FEC00284359 /* Sources */ = {
			isa = PBXSourcesBuildPhase;
			buildActionMask = 2147483647;
			files = (
				52EE9CAE16F13FEC00284359 /* main.m in Sources */,
				52EE9CE316F1414F00284359 /* GMGraphViewController.m in Sources */,
				52EE9CE716F1415A00284359 /* GMAppDelegate.m in Sources */,
				52EE9CF116F141D600284359 /* GMEdge.m in Sources */,
				52EE9CFB16F1461F00284359 /* GMGraphCanvass.m in Sources */,
				52CD7BC1170BB52200247F75 /* GMNodeView.m in Sources */,
				52B3B8F3171F78A200B09420 /* UIBarButtonItem+WEPopover.m in Sources */,
				52B3B8F5171F78A200B09420 /* WEPopoverContainerView.m in Sources */,
				52B3B8F7171F78A200B09420 /* WEPopoverController.m in Sources */,
				52B3B8F9171F78A200B09420 /* WETouchableView.m in Sources */,
				522058121724C262004EE526 /* GMEdgeOptionsViewController.m in Sources */,
				522058161724C4C1004EE526 /* GMNodeOptionsViewController.m in Sources */,
				524464BC17308A3600E0E5FF /* CGPointAdditions.c in Sources */,
				524464D017308A3600E0E5FF /* XBAnimation.m in Sources */,
				524464D217308A3600E0E5FF /* XBAnimationManager.m in Sources */,
				524464D417308A3600E0E5FF /* XBCurlView.m in Sources */,
				524464D617308A3600E0E5FF /* XBPageCurlView.m in Sources */,
				524464D817308A3600E0E5FF /* XBPageDragView.m in Sources */,
				524464DA17308A3600E0E5FF /* XBSnappingPoint.m in Sources */,
				52973DE117309B9F00B5A51D /* GMGraphOptionsView.m in Sources */,
				521DF424175BF577003310D2 /* GMAlgorithmSolver.m in Sources */,
			);
			runOnlyForDeploymentPostprocessing = 0;
		};
		52EE9CC216F13FED00284359 /* Sources */ = {
			isa = PBXSourcesBuildPhase;
			buildActionMask = 2147483647;
			files = (
				52EE9CD616F13FED00284359 /* GraphMasterTests.m in Sources */,
				52EE9CE416F1414F00284359 /* GMGraphViewController.m in Sources */,
				52EE9CE816F1415A00284359 /* GMAppDelegate.m in Sources */,
				52EE9CF216F141D600284359 /* GMEdge.m in Sources */,
				52EE9CFC16F1461F00284359 /* GMGraphCanvass.m in Sources */,
				52CD7BC2170BB52200247F75 /* GMNodeView.m in Sources */,
				52B3B8F4171F78A200B09420 /* UIBarButtonItem+WEPopover.m in Sources */,
				52B3B8F6171F78A200B09420 /* WEPopoverContainerView.m in Sources */,
				52B3B8F8171F78A200B09420 /* WEPopoverController.m in Sources */,
				52B3B8FA171F78A200B09420 /* WETouchableView.m in Sources */,
				522058131724C262004EE526 /* GMEdgeOptionsViewController.m in Sources */,
				522058171724C4C1004EE526 /* GMNodeOptionsViewController.m in Sources */,
				524464BD17308A3600E0E5FF /* CGPointAdditions.c in Sources */,
				524464D117308A3600E0E5FF /* XBAnimation.m in Sources */,
				524464D317308A3600E0E5FF /* XBAnimationManager.m in Sources */,
				524464D517308A3600E0E5FF /* XBCurlView.m in Sources */,
				524464D717308A3600E0E5FF /* XBPageCurlView.m in Sources */,
				524464D917308A3600E0E5FF /* XBPageDragView.m in Sources */,
				524464DB17308A3600E0E5FF /* XBSnappingPoint.m in Sources */,
				52973DE217309B9F00B5A51D /* GMGraphOptionsView.m in Sources */,
				521DF425175BF577003310D2 /* GMAlgorithmSolver.m in Sources */,
			);
			runOnlyForDeploymentPostprocessing = 0;
		};
/* End PBXSourcesBuildPhase section */

/* Begin PBXTargetDependency section */
		52EE9CCD16F13FED00284359 /* PBXTargetDependency */ = {
			isa = PBXTargetDependency;
			target = 52EE9C9C16F13FEC00284359 /* GraphMaster */;
			targetProxy = 52EE9CCC16F13FED00284359 /* PBXContainerItemProxy */;
		};
/* End PBXTargetDependency section */

/* Begin PBXVariantGroup section */
		52EE9CAA16F13FEC00284359 /* InfoPlist.strings */ = {
			isa = PBXVariantGroup;
			children = (
				52EE9CAB16F13FEC00284359 /* en */,
			);
			name = InfoPlist.strings;
			sourceTree = "<group>";
		};
		52EE9CBC16F13FED00284359 /* GMGraphViewController_iPhone.xib */ = {
			isa = PBXVariantGroup;
			children = (
				52EE9CBD16F13FED00284359 /* en */,
			);
			name = GMGraphViewController_iPhone.xib;
			sourceTree = "<group>";
		};
		52EE9CBF16F13FED00284359 /* GMGraphViewController_iPad.xib */ = {
			isa = PBXVariantGroup;
			children = (
				52EE9CC016F13FED00284359 /* en */,
			);
			name = GMGraphViewController_iPad.xib;
			sourceTree = "<group>";
		};
		52EE9CD116F13FED00284359 /* InfoPlist.strings */ = {
			isa = PBXVariantGroup;
			children = (
				52EE9CD216F13FED00284359 /* en */,
			);
			name = InfoPlist.strings;
			sourceTree = "<group>";
		};
/* End PBXVariantGroup section */

/* Begin XCBuildConfiguration section */
		52EE9CD716F13FED00284359 /* Debug */ = {
			isa = XCBuildConfiguration;
			buildSettings = {
				ALWAYS_SEARCH_USER_PATHS = NO;
				CLANG_CXX_LANGUAGE_STANDARD = "gnu++0x";
				CLANG_CXX_LIBRARY = "libc++";
				CLANG_ENABLE_OBJC_ARC = YES;
				CLANG_WARN_EMPTY_BODY = YES;
				CLANG_WARN__DUPLICATE_METHOD_MATCH = YES;
				"CODE_SIGN_IDENTITY[sdk=iphoneos*]" = "iPhone Developer";
				COPY_PHASE_STRIP = NO;
				GCC_C_LANGUAGE_STANDARD = gnu99;
				GCC_DYNAMIC_NO_PIC = NO;
				GCC_OPTIMIZATION_LEVEL = 0;
				GCC_PREPROCESSOR_DEFINITIONS = (
					"DEBUG=1",
					"$(inherited)",
				);
				GCC_SYMBOLS_PRIVATE_EXTERN = NO;
				GCC_WARN_ABOUT_RETURN_TYPE = YES;
				GCC_WARN_UNINITIALIZED_AUTOS = YES;
				GCC_WARN_UNUSED_VARIABLE = YES;
				IPHONEOS_DEPLOYMENT_TARGET = 6.0;
				ONLY_ACTIVE_ARCH = YES;
				SDKROOT = iphoneos;
				TARGETED_DEVICE_FAMILY = "1,2";
			};
			name = Debug;
		};
		52EE9CD816F13FED00284359 /* Release */ = {
			isa = XCBuildConfiguration;
			buildSettings = {
				ALWAYS_SEARCH_USER_PATHS = NO;
				CLANG_CXX_LANGUAGE_STANDARD = "gnu++0x";
				CLANG_CXX_LIBRARY = "libc++";
				CLANG_ENABLE_OBJC_ARC = YES;
				CLANG_WARN_EMPTY_BODY = YES;
				CLANG_WARN__DUPLICATE_METHOD_MATCH = YES;
				"CODE_SIGN_IDENTITY[sdk=iphoneos*]" = "iPhone Developer";
				COPY_PHASE_STRIP = YES;
				GCC_C_LANGUAGE_STANDARD = gnu99;
				GCC_WARN_ABOUT_RETURN_TYPE = YES;
				GCC_WARN_UNINITIALIZED_AUTOS = YES;
				GCC_WARN_UNUSED_VARIABLE = YES;
				IPHONEOS_DEPLOYMENT_TARGET = 6.0;
				OTHER_CFLAGS = "-DNS_BLOCK_ASSERTIONS=1";
				SDKROOT = iphoneos;
				TARGETED_DEVICE_FAMILY = "1,2";
				VALIDATE_PRODUCT = YES;
			};
			name = Release;
		};
		52EE9CDA16F13FED00284359 /* Debug */ = {
			isa = XCBuildConfiguration;
			buildSettings = {
				CODE_SIGN_IDENTITY = "iPhone Developer: John Newman (62QG3T7HY7)";
				"CODE_SIGN_IDENTITY[sdk=iphoneos*]" = "iPhone Developer: John Newman (62QG3T7HY7)";
				GCC_PRECOMPILE_PREFIX_HEADER = YES;
				GCC_PREFIX_HEADER = "GraphMaster/GraphMaster-Prefix.pch";
				INFOPLIST_FILE = "GraphMaster/GraphMaster-Info.plist";
				PRODUCT_NAME = "$(TARGET_NAME)";
				PROVISIONING_PROFILE = "37C9FFB3-327A-4213-A946-2AFED136434C";
				"PROVISIONING_PROFILE[sdk=iphoneos*]" = "37C9FFB3-327A-4213-A946-2AFED136434C";
				WRAPPER_EXTENSION = app;
			};
			name = Debug;
		};
		52EE9CDB16F13FED00284359 /* Release */ = {
			isa = XCBuildConfiguration;
			buildSettings = {
				CODE_SIGN_IDENTITY = "";
				GCC_PRECOMPILE_PREFIX_HEADER = YES;
				GCC_PREFIX_HEADER = "GraphMaster/GraphMaster-Prefix.pch";
				INFOPLIST_FILE = "GraphMaster/GraphMaster-Info.plist";
				PRODUCT_NAME = "$(TARGET_NAME)";
				WRAPPER_EXTENSION = app;
			};
			name = Release;
		};
		52EE9CDD16F13FED00284359 /* Debug */ = {
			isa = XCBuildConfiguration;
			buildSettings = {
				BUNDLE_LOADER = "$(BUILT_PRODUCTS_DIR)/GraphMaster.app/GraphMaster";
				FRAMEWORK_SEARCH_PATHS = (
					"\"$(SDKROOT)/Developer/Library/Frameworks\"",
					"\"$(DEVELOPER_LIBRARY_DIR)/Frameworks\"",
				);
				GCC_PRECOMPILE_PREFIX_HEADER = YES;
				GCC_PREFIX_HEADER = "GraphMaster/GraphMaster-Prefix.pch";
				INFOPLIST_FILE = "GraphMasterTests/GraphMasterTests-Info.plist";
				PRODUCT_NAME = "$(TARGET_NAME)";
				TEST_HOST = "$(BUNDLE_LOADER)";
				WRAPPER_EXTENSION = octest;
			};
			name = Debug;
		};
		52EE9CDE16F13FED00284359 /* Release */ = {
			isa = XCBuildConfiguration;
			buildSettings = {
				BUNDLE_LOADER = "$(BUILT_PRODUCTS_DIR)/GraphMaster.app/GraphMaster";
				FRAMEWORK_SEARCH_PATHS = (
					"\"$(SDKROOT)/Developer/Library/Frameworks\"",
					"\"$(DEVELOPER_LIBRARY_DIR)/Frameworks\"",
				);
				GCC_PRECOMPILE_PREFIX_HEADER = YES;
				GCC_PREFIX_HEADER = "GraphMaster/GraphMaster-Prefix.pch";
				INFOPLIST_FILE = "GraphMasterTests/GraphMasterTests-Info.plist";
				PRODUCT_NAME = "$(TARGET_NAME)";
				TEST_HOST = "$(BUNDLE_LOADER)";
				WRAPPER_EXTENSION = octest;
			};
			name = Release;
		};
/* End XCBuildConfiguration section */

/* Begin XCConfigurationList section */
		52EE9C9716F13FEC00284359 /* Build configuration list for PBXProject "GraphMaster" */ = {
			isa = XCConfigurationList;
			buildConfigurations = (
				52EE9CD716F13FED00284359 /* Debug */,
				52EE9CD816F13FED00284359 /* Release */,
			);
			defaultConfigurationIsVisible = 0;
			defaultConfigurationName = Release;
		};
		52EE9CD916F13FED00284359 /* Build configuration list for PBXNativeTarget "GraphMaster" */ = {
			isa = XCConfigurationList;
			buildConfigurations = (
				52EE9CDA16F13FED00284359 /* Debug */,
				52EE9CDB16F13FED00284359 /* Release */,
			);
			defaultConfigurationIsVisible = 0;
			defaultConfigurationName = Release;
		};
		52EE9CDC16F13FED00284359 /* Build configuration list for PBXNativeTarget "GraphMasterTests" */ = {
			isa = XCConfigurationList;
			buildConfigurations = (
				52EE9CDD16F13FED00284359 /* Debug */,
				52EE9CDE16F13FED00284359 /* Release */,
			);
			defaultConfigurationIsVisible = 0;
			defaultConfigurationName = Release;
		};
/* End XCConfigurationList section */
	};
	rootObject = 52EE9C9416F13FEC00284359 /* Project object */;
}
